
Microsoft Visual Studio Solution File, Format Version 12.00
# Visual Studio Version 17
VisualStudioVersion = 17.0.32112.339
MinimumVisualStudioVersion = 10.0.40219.1
Project("{FAE04EC0-301F-11D3-BF4B-00C04F79EFBC}") = "LCode", "LCode\LCode.csproj", "{292CA07E-E759-4B4F-BFAE-65CFE8F97836}"
EndProject
Global
	GlobalSection(SolutionConfigurationPlatforms) = preSolution
		Debug|Any CPU = Debug|Any CPU
		Release|Any CPU = Release|Any CPU
	EndGlobalSection
	GlobalSection(ProjectConfigurationPlatforms) = postSolution
		{292CA07E-E759-4B4F-BFAE-65CFE8F97836}.Debug|Any CPU.ActiveCfg = Debug|Any CPU
		{292CA07E-E759-4B4F-BFAE-65CFE8F97836}.Debug|Any CPU.Build.0 = Debug|Any CPU
		{292CA07E-E759-4B4F-BFAE-65CFE8F97836}.Release|Any CPU.ActiveCfg = Release|Any CPU
		{292CA07E-E759-4B4F-BFAE-65CFE8F97836}.Release|Any CPU.Build.0 = Release|Any CPU
	EndGlobalSection
	GlobalSection(SolutionProperties) = preSolution
		HideSolutionNode = FALSE
	EndGlobalSection
	GlobalSection(ExtensibilityGlobals) = postSolution
		SolutionGuid = {875AA70B-C02C-4D09-B195-B8E878E0F870}
	EndGlobalSection
EndGlobal
